Microsoft Visual Studio Solution File, Format Version 11.00
# Visual Studio 2008

Project("{87BC22F0-F94D-E53C-4584-743AED0BA068}") = "CoSpacesPrototype", "Assembly-CSharp.csproj", "{390A4173-1C4C-16C3-7DB0-EDB3A028DBCA}"
EndProject
Project("{87BC22F0-F94D-E53C-4584-743AED0BA068}") = "CoSpacesPrototype", "Assembly-CSharp-Editor.csproj", "{F71AC52C-FD2B-F03D-72BE-CACA6C9CA595}"
EndProject
Global
	GlobalSection(SolutionConfigurationPlatforms) = preSolution
		Debug|Any CPU = Debug|Any CPU
		Release|Any CPU = Release|Any CPU
	EndGlobalSection
	GlobalSection(ProjectConfigurationPlatforms) = postSolution
		{390A4173-1C4C-16C3-7DB0-EDB3A028DBCA}.Debug|Any CPU.ActiveCfg = Debug|Any CPU
		{390A4173-1C4C-16C3-7DB0-EDB3A028DBCA}.Debug|Any CPU.Build.0 = Debug|Any CPU
		{390A4173-1C4C-16C3-7DB0-EDB3A028DBCA}.Release|Any CPU.ActiveCfg = Release|Any CPU
		{390A4173-1C4C-16C3-7DB0-EDB3A028DBCA}.Release|Any CPU.Build.0 = Release|Any CPU
		{F71AC52C-FD2B-F03D-72BE-CACA6C9CA595}.Debug|Any CPU.ActiveCfg = Debug|Any CPU
		{F71AC52C-FD2B-F03D-72BE-CACA6C9CA595}.Debug|Any CPU.Build.0 = Debug|Any CPU
		{F71AC52C-FD2B-F03D-72BE-CACA6C9CA595}.Release|Any CPU.ActiveCfg = Release|Any CPU
		{F71AC52C-FD2B-F03D-72BE-CACA6C9CA595}.Release|Any CPU.Build.0 = Release|Any CPU
	EndGlobalSection
	GlobalSection(SolutionProperties) = preSolution
		HideSolutionNode = FALSE
	EndGlobalSection
	GlobalSection(MonoDevelopProperties) = preSolution
		StartupItem = Assembly-CSharp.csproj
	EndGlobalSection
EndGlobal
