Microsoft Visual Studio Solution File, Format Version 11.00
# Visual Studio 2008

Project("{D35497A2-0688-A537-142C-029DB2C1CC61}") = "ObjGizmosPrototype", "Assembly-CSharp.csproj", "{61502C92-D3E4-9AEF-41B6-49711DAE69F2}"
EndProject
Project("{D35497A2-0688-A537-142C-029DB2C1CC61}") = "ObjGizmosPrototype", "Assembly-CSharp-Editor.csproj", "{96D67542-0CD0-3B7F-3302-B5CFFCA8F473}"
EndProject
Global
	GlobalSection(SolutionConfigurationPlatforms) = preSolution
		Debug|Any CPU = Debug|Any CPU
		Release|Any CPU = Release|Any CPU
	EndGlobalSection
	GlobalSection(ProjectConfigurationPlatforms) = postSolution
		{61502C92-D3E4-9AEF-41B6-49711DAE69F2}.Debug|Any CPU.ActiveCfg = Debug|Any CPU
		{61502C92-D3E4-9AEF-41B6-49711DAE69F2}.Debug|Any CPU.Build.0 = Debug|Any CPU
		{61502C92-D3E4-9AEF-41B6-49711DAE69F2}.Release|Any CPU.ActiveCfg = Release|Any CPU
		{61502C92-D3E4-9AEF-41B6-49711DAE69F2}.Release|Any CPU.Build.0 = Release|Any CPU
		{96D67542-0CD0-3B7F-3302-B5CFFCA8F473}.Debug|Any CPU.ActiveCfg = Debug|Any CPU
		{96D67542-0CD0-3B7F-3302-B5CFFCA8F473}.Debug|Any CPU.Build.0 = Debug|Any CPU
		{96D67542-0CD0-3B7F-3302-B5CFFCA8F473}.Release|Any CPU.ActiveCfg = Release|Any CPU
		{96D67542-0CD0-3B7F-3302-B5CFFCA8F473}.Release|Any CPU.Build.0 = Release|Any CPU
	EndGlobalSection
	GlobalSection(SolutionProperties) = preSolution
		HideSolutionNode = FALSE
	EndGlobalSection
	GlobalSection(MonoDevelopProperties) = preSolution
		StartupItem = Assembly-CSharp.csproj
	EndGlobalSection
EndGlobal
